
Microsoft Visual Studio Solution File, Format Version 12.00
# Visual Studio Version 16
VisualStudioVersion = 16.0.32002.261
MinimumVisualStudioVersion = 10.0.40219.1
Project("{9A19103F-16F7-4668-BE54-9A1E7A4F7556}") = "CalendarService", "CalendarService\CalendarService.csproj", "{634347E7-CE8F-43DE-B562-6B438732B206}"
EndProject
Project("{FAE04EC0-301F-11D3-BF4B-00C04F79EFBC}") = "CalendarServiceTests", "CalendarServiceTests\CalendarServiceTests.csproj", "{7B8BCAF0-FD5D-4E8A-A7BE-3AEBF403B6C6}"
EndProject
Global
	GlobalSection(SolutionConfigurationPlatforms) = preSolution
		Debug|Any CPU = Debug|Any CPU
		Release|Any CPU = Release|Any CPU
	EndGlobalSection
	GlobalSection(ProjectConfigurationPlatforms) = postSolution
		{634347E7-CE8F-43DE-B562-6B438732B206}.Debug|Any CPU.ActiveCfg = Debug|Any CPU
		{634347E7-CE8F-43DE-B562-6B438732B206}.Debug|Any CPU.Build.0 = Debug|Any CPU
		{634347E7-CE8F-43DE-B562-6B438732B206}.Release|Any CPU.ActiveCfg = Release|Any CPU
		{634347E7-CE8F-43DE-B562-6B438732B206}.Release|Any CPU.Build.0 = Release|Any CPU
		{7B8BCAF0-FD5D-4E8A-A7BE-3AEBF403B6C6}.Debug|Any CPU.ActiveCfg = Debug|Any CPU
		{7B8BCAF0-FD5D-4E8A-A7BE-3AEBF403B6C6}.Debug|Any CPU.Build.0 = Debug|Any CPU
		{7B8BCAF0-FD5D-4E8A-A7BE-3AEBF403B6C6}.Release|Any CPU.ActiveCfg = Release|Any CPU
		{7B8BCAF0-FD5D-4E8A-A7BE-3AEBF403B6C6}.Release|Any CPU.Build.0 = Release|Any CPU
	EndGlobalSection
	GlobalSection(SolutionProperties) = preSolution
		HideSolutionNode = FALSE
	EndGlobalSection
	GlobalSection(ExtensibilityGlobals) = postSolution
		SolutionGuid = {89C1AA10-7576-4819-AFF1-22EB631DCED4}
	EndGlobalSection
EndGlobal
