
Microsoft Visual Studio Solution File, Format Version 12.00
# Visual Studio Version 16
VisualStudioVersion = 16.0.32002.261
MinimumVisualStudioVersion = 10.0.40219.1
Project("{FAE04EC0-301F-11D3-BF4B-00C04F79EFBC}") = "TimeregService", "TimeregService\TimeregService.csproj", "{8524E6D9-2142-45B8-BD89-04775141568C}"
EndProject
Global
	GlobalSection(SolutionConfigurationPlatforms) = preSolution
		Debug|Any CPU = Debug|Any CPU
		Release|Any CPU = Release|Any CPU
	EndGlobalSection
	GlobalSection(ProjectConfigurationPlatforms) = postSolution
		{8524E6D9-2142-45B8-BD89-04775141568C}.Debug|Any CPU.ActiveCfg = Debug|Any CPU
		{8524E6D9-2142-45B8-BD89-04775141568C}.Debug|Any CPU.Build.0 = Debug|Any CPU
		{8524E6D9-2142-45B8-BD89-04775141568C}.Release|Any CPU.ActiveCfg = Release|Any CPU
		{8524E6D9-2142-45B8-BD89-04775141568C}.Release|Any CPU.Build.0 = Release|Any CPU
	EndGlobalSection
	GlobalSection(SolutionProperties) = preSolution
		HideSolutionNode = FALSE
	EndGlobalSection
	GlobalSection(ExtensibilityGlobals) = postSolution
		SolutionGuid = {EC940ED0-E014-48C9-B5A1-93BFC1EB697F}
	EndGlobalSection
EndGlobal
